
Microsoft Visual Studio Solution File, Format Version 12.00
# Visual Studio 14
VisualStudioVersion = 14.0.25420.1
MinimumVisualStudioVersion = 10.0.40219.1
Project("{FAE04EC0-301F-11D3-BF4B-00C04F79EFBC}") = "ConsoleApplication1", "ConsoleApplication1\ConsoleApplication1.csproj", "{24402AF1-7360-421A-9E47-0AD411A88B73}"
EndProject
Project("{FAE04EC0-301F-11D3-BF4B-00C04F79EFBC}") = "UnitTestProject1", "UnitTestProject1\UnitTestProject1.csproj", "{59888AFB-295D-4198-91F3-BF6023350EB3}"
EndProject
Global
	GlobalSection(SolutionConfigurationPlatforms) = preSolution
		Debug|Any CPU = Debug|Any CPU
		Release|Any CPU = Release|Any CPU
	EndGlobalSection
	GlobalSection(ProjectConfigurationPlatforms) = postSolution
		{24402AF1-7360-421A-9E47-0AD411A88B73}.Debug|Any CPU.ActiveCfg = Debug|Any CPU
		{24402AF1-7360-421A-9E47-0AD411A88B73}.Debug|Any CPU.Build.0 = Debug|Any CPU
		{24402AF1-7360-421A-9E47-0AD411A88B73}.Release|Any CPU.ActiveCfg = Release|Any CPU
		{24402AF1-7360-421A-9E47-0AD411A88B73}.Release|Any CPU.Build.0 = Release|Any CPU
		{59888AFB-295D-4198-91F3-BF6023350EB3}.Debug|Any CPU.ActiveCfg = Debug|Any CPU
		{59888AFB-295D-4198-91F3-BF6023350EB3}.Debug|Any CPU.Build.0 = Debug|Any CPU
		{59888AFB-295D-4198-91F3-BF6023350EB3}.Release|Any CPU.ActiveCfg = Release|Any CPU
		{59888AFB-295D-4198-91F3-BF6023350EB3}.Release|Any CPU.Build.0 = Release|Any CPU
	EndGlobalSection
	GlobalSection(SolutionProperties) = preSolution
		HideSolutionNode = FALSE
	EndGlobalSection
EndGlobal
